
Microsoft Visual Studio Solution File, Format Version 11.00
# Visual Studio 2010
# SharpDevelop 5.1
Project("{FAE04EC0-301F-11D3-BF4B-00C04F79EFBC}") = "playfair_elgamal_LSB", "playfair_elgamal_LSB.csproj", "{D578267A-DFB2-4050-BCCE-D4856FAB451D}"
EndProject
Global
	GlobalSection(SolutionConfigurationPlatforms) = preSolution
		Debug|Any CPU = Debug|Any CPU
		Release|Any CPU = Release|Any CPU
	EndGlobalSection
	GlobalSection(ProjectConfigurationPlatforms) = postSolution
		{D578267A-DFB2-4050-BCCE-D4856FAB451D}.Debug|Any CPU.ActiveCfg = Debug|Any CPU
		{D578267A-DFB2-4050-BCCE-D4856FAB451D}.Debug|Any CPU.Build.0 = Debug|Any CPU
		{D578267A-DFB2-4050-BCCE-D4856FAB451D}.Release|Any CPU.ActiveCfg = Release|Any CPU
		{D578267A-DFB2-4050-BCCE-D4856FAB451D}.Release|Any CPU.Build.0 = Release|Any CPU
	EndGlobalSection
EndGlobal
